
Microsoft Visual Studio Solution File, Format Version 12.00
# Visual Studio Version 16
VisualStudioVersion = 16.0.29519.87
MinimumVisualStudioVersion = 10.0.40219.1
Project("{FAE04EC0-301F-11D3-BF4B-00C04F79EFBC}") = "XadrezConsole", "XadrezConsole\XadrezConsole.csproj", "{4DB35570-4820-4361-B404-D2B62C9A62EB}"
EndProject
Global
	GlobalSection(SolutionConfigurationPlatforms) = preSolution
		Debug|Any CPU = Debug|Any CPU
		Release|Any CPU = Release|Any CPU
	EndGlobalSection
	GlobalSection(ProjectConfigurationPlatforms) = postSolution
		{4DB35570-4820-4361-B404-D2B62C9A62EB}.Debug|Any CPU.ActiveCfg = Debug|Any CPU
		{4DB35570-4820-4361-B404-D2B62C9A62EB}.Debug|Any CPU.Build.0 = Debug|Any CPU
		{4DB35570-4820-4361-B404-D2B62C9A62EB}.Release|Any CPU.ActiveCfg = Release|Any CPU
		{4DB35570-4820-4361-B404-D2B62C9A62EB}.Release|Any CPU.Build.0 = Release|Any CPU
	EndGlobalSection
	GlobalSection(SolutionProperties) = preSolution
		HideSolutionNode = FALSE
	EndGlobalSection
	GlobalSection(ExtensibilityGlobals) = postSolution
		SolutionGuid = {1FE2F082-D45B-48FB-8B22-D700B044A9EB}
	EndGlobalSection
EndGlobal
